# THIS IS AN AUTOGENERATED FILE. DO NOT EDIT THIS FILE DIRECTLY.
# yarn lockfile v1


"@comunica/actor-abstract-mediatyped@^1.19.0":
  version "1.19.0"
  resolved "https://registry.yarnpkg.com/@comunica/actor-abstract-mediatyped/-/actor-abstract-mediatyped-1.19.0.tgz#db3eeef7ca4393ce825461421890ace81a605803"
  integrity sha512-f8KPM8xsjB70REsS2ALrLNlMRHwPmb21OJy6u5YPARKCr95Usff38L/Fntm3ey6oQTwfwK/XEYuQVtwx5EqJYw==

"@comunica/actor-abstract-mediatyped@^1.19.2":
  version "1.19.2"
  resolved "https://registry.yarnpkg.com/@comunica/actor-abstract-mediatyped/-/actor-abstract-mediatyped-1.19.2.tgz#1b0a835781ee7e53526746de36c9753fe00b5e2b"
  integrity sha512-BER87Niq4dqLxfF3JtYCZ1lCHB+MB/N3yNUq5GnInzdisAQBT/T7dwmps1eqF435DyiDS/j0VOJpnPmWV8bRlA==

"@comunica/actor-http-native@~1.19.0":
  version "1.19.0"
  resolved "https://registry.yarnpkg.com/@comunica/actor-http-native/-/actor-http-native-1.19.0.tgz#025690da4836bc7309168de6bf8f26d678f89d93"
  integrity sha512-j7HsxDRcVjywPvh3ur1qx5WRS+UbT503jR+8lszR045h3ODTLX5PeCMh96Eq4dPkbVp22vkGqTFXux38dYRBSw==
  dependencies:
    "@types/parse-link-header" "^1.0.0"
    cross-fetch "^3.0.5"
    follow-redirects "^1.5.1"
    parse-link-header "^1.0.1"

"@comunica/actor-http-proxy@~1.19.0":
  version "1.19.2"
  resolved "https://registry.yarnpkg.com/@comunica/actor-http-proxy/-/actor-http-proxy-1.19.2.tgz#d2abc1d39a23d952f88cd4cb30ebda2322a0da96"
  integrity sha512-b/yP6TbpEBOac5gtX+4lxF6cd+/mI0WQiYUZGhRQZ2gUEcU0js0Gte9uqz1wCVxIQJnMbOryso3tCVFw/CZNJg==

"@comunica/actor-rdf-dereference-file@~1.19.0":
  version "1.19.2"
  resolved "https://registry.yarnpkg.com/@comunica/actor-rdf-dereference-file/-/actor-rdf-dereference-file-1.19.2.tgz#313cfb2e142046b634eeb1833cc38596c0efbd0e"
  integrity sha512-fvvdyTUGcZWe/zKXk920s4zg9clxVXTM8p3F9zXYZSatY8MxwG1p4Ux0CwP0a6Zl0xlqTN+OrSEXnw8QHL2ESA==

"@comunica/actor-rdf-dereference-http-parse@~1.19.0":
  version "1.19.2"
  resolved "https://registry.yarnpkg.com/@comunica/actor-rdf-dereference-http-parse/-/actor-rdf-dereference-http-parse-1.19.2.tgz#f24e5314649c0514b81befd3787789d477ef221d"
  integrity sha512-2/b6YgILmYf+tR5GZ/3JRGxY9xqExVJnaRx6qOJ3ay/98MRRjhQxtDxAIClMZNFlc+gwJb1T5vPoX1H8dnfDNg==
  dependencies:
    cross-fetch "^3.0.5"
    relative-to-absolute-iri "^1.0.5"

"@comunica/actor-rdf-parse-html-microdata@~1.19.0":
  version "1.19.2"
  resolved "https://registry.yarnpkg.com/@comunica/actor-rdf-parse-html-microdata/-/actor-rdf-parse-html-microdata-1.19.2.tgz#be915e901a7879e43f758649fa3f8a6dc056a9db"
  integrity sha512-i+FfdPRsd1wT5yrnFORo1eFbL2G+YyeG3dQtC7bEuTf3pW9wXJCUWarLZ0dBbCK3WaPR+J+zdM+fss4j++0bNA==
  dependencies:
    microdata-rdf-streaming-parser "^1.1.0"

"@comunica/actor-rdf-parse-html-rdfa@~1.19.0":
  version "1.19.0"
  resolved "https://registry.yarnpkg.com/@comunica/actor-rdf-parse-html-rdfa/-/actor-rdf-parse-html-rdfa-1.19.0.tgz#43120b60161a6bbb502c6ecea166a7204a5785ef"
  integrity sha512-Wzq7VZ1sqR+Dx4omKpuGyf+Ep01uh1cOPQfNNH98Nhnu4hfvN2O3+LMT9oN9xE/IlYA0CsgOJbvIthJCN7kiBw==
  dependencies:
    rdfa-streaming-parser "^1.4.0"

"@comunica/actor-rdf-parse-html-script@~1.19.0":
  version "1.19.0"
  resolved "https://registry.yarnpkg.com/@comunica/actor-rdf-parse-html-script/-/actor-rdf-parse-html-script-1.19.0.tgz#81c08f056619c7ec6cd0e2b0957392d47d02a7b9"
  integrity sha512-rvcYPzng1gFij6GtI7O7QNuL/9EyJ9wXeq4D+lt3tNbptw1KeK+vQZrEa8odCdfZsiGMzj0JpgsmySvux6VtNg==
  dependencies:
    "@comunica/bus-rdf-parse-html" "^1.19.0"
    "@types/rdf-js" "*"
    relative-to-absolute-iri "^1.0.5"

"@comunica/actor-rdf-parse-html@~1.19.0":
  version "1.19.0"
  resolved "https://registry.yarnpkg.com/@comunica/actor-rdf-parse-html/-/actor-rdf-parse-html-1.19.0.tgz#9bef88c9efea2566abae0a5e2a12bf6dae87720f"
  integrity sha512-oxaS7cNkk3LZY7mKHnsLlUYZtCrBVt1w+dkgR9Hw/X2o5vet29W2dovYfOMeseSZJW9SOTQWDnQesvdMUgl2Tg==
  dependencies:
    "@comunica/bus-rdf-parse-html" "^1.19.0"
    "@types/rdf-js" "*"
    htmlparser2 "^6.0.0"

"@comunica/actor-rdf-parse-jsonld@~1.19.0":
  version "1.19.0"
  resolved "https://registry.yarnpkg.com/@comunica/actor-rdf-parse-jsonld/-/actor-rdf-parse-jsonld-1.19.0.tgz#bf789dab64625587b8a1c12e1ebb6d3733333fd0"
  integrity sha512-0I2wmsJlmurort2sSJh3kPm4NXYQqpmWBIkWzUGRuFJv5pAWd0AqnZpleuoM3GdaFdVtMbO3Pa4oBLBIVHfg2Q==
  dependencies:
    "@types/rdf-js" "*"
    jsonld-context-parser "^2.1.1"
    jsonld-streaming-parser "^2.1.1"
    stream-to-string "^1.2.0"

"@comunica/actor-rdf-parse-n3@~1.19.0":
  version "1.19.0"
  resolved "https://registry.yarnpkg.com/@comunica/actor-rdf-parse-n3/-/actor-rdf-parse-n3-1.19.0.tgz#afe8aa1792cd64760d2af4ce2d6b85b205933da1"
  integrity sha512-JkbLLym/dTT0qqBWtIw8wXAJQI6Gxa9aETCgu4slsZRTizUNHpCh/nkQBGMsL+gufTDUPazKEKdwdKDQuwY1VA==
  dependencies:
    "@types/n3" "^1.4.4"
    n3 "^1.6.3"

"@comunica/actor-rdf-parse-rdfxml@~1.19.0":
  version "1.19.0"
  resolved "https://registry.yarnpkg.com/@comunica/actor-rdf-parse-rdfxml/-/actor-rdf-parse-rdfxml-1.19.0.tgz#00d3bf74d97e7b989de788427566559195840ac9"
  integrity sha512-3ZqtJu7TKD43eaKZltbWwz/g4Zf5yy/qV+bzmUwa1+3TTAnunZqltf0HbcrVvwPI7l/HXSrpE/UbR6sW8Zy8Qg==
  dependencies:
    rdfxml-streaming-parser "^1.4.0"

"@comunica/actor-rdf-parse-xml-rdfa@~1.19.0":
  version "1.19.0"
  resolved "https://registry.yarnpkg.com/@comunica/actor-rdf-parse-xml-rdfa/-/actor-rdf-parse-xml-rdfa-1.19.0.tgz#a4f93b1ffec2e945b78cd0ce54b0a6732c8ee0d0"
  integrity sha512-pYj71b7Vcoistyalwh5qzvS+jeHkOqaDbRyOmfJMtRjfaWTWg5gHfG0Y4gYjK+14kuo5QGzn5vT7O3jWqef6jA==
  dependencies:
    rdfa-streaming-parser "^1.3.0"

"@comunica/actor-rdf-serialize-jsonld@~1.19.0":
  version "1.19.2"
  resolved "https://registry.yarnpkg.com/@comunica/actor-rdf-serialize-jsonld/-/actor-rdf-serialize-jsonld-1.19.2.tgz#32869dbf24c6b9f34b87284c054699324af6d187"
  integrity sha512-JHrJcT6TeyUbs4JniOioTK8fNcvWCFbIvuAQnOKJQySVn4Y+spflui7eopp0xlTVzAqXQ1RXwhfO+pM9HIaM4g==
  dependencies:
    jsonld-streaming-serializer "^1.2.0"

"@comunica/actor-rdf-serialize-n3@~1.19.0":
  version "1.19.2"
  resolved "https://registry.yarnpkg.com/@comunica/actor-rdf-serialize-n3/-/actor-rdf-serialize-n3-1.19.2.tgz#ad00b6b5c5b309c024fd5ea228ed0bce44b1238f"
  integrity sha512-ZEsh1OVAUNbpUdybEqnc0eWQvQG8XekVkWhExIfOsRNIz3wm/echO62pXJqc5vILTP1d+dk5I0KkgibhPKQMMA==
  dependencies:
    "@types/n3" "^1.4.4"
    "@types/rdf-js" "*"
    n3 "^1.6.3"
    rdf-string "^1.5.0"

"@comunica/bus-http@~1.19.0":
  version "1.19.0"
  resolved "https://registry.yarnpkg.com/@comunica/bus-http/-/bus-http-1.19.0.tgz#853de224b08258169da8bacc6dfc87b3da59256f"
  integrity sha512-tbhB68Fj4b8WO+/38vVBvxV/E0W3d2yca5cANbCmdfrlO/TZXQ2JVD+1ylxR0uZiHXSHvClwGE7nSExBrE7gtw==
  dependencies:
    is-stream "^2.0.0"
    web-streams-node "^0.4.0"

"@comunica/bus-init@~1.19.0":
  version "1.19.0"
  resolved "https://registry.yarnpkg.com/@comunica/bus-init/-/bus-init-1.19.0.tgz#f93e4513e3cd843269486ccd30d60b9d81a74235"
  integrity sha512-QRsKQBa1dNJ55s5BiKcWzjXJPfKHx0HaS/ZQClusxQJkKqYJHcMw2KdQjlxYV5vxEowKAXKISMxdhtqPvpUBvA==

"@comunica/bus-rdf-dereference@~1.19.0":
  version "1.19.2"
  resolved "https://registry.yarnpkg.com/@comunica/bus-rdf-dereference/-/bus-rdf-dereference-1.19.2.tgz#04f0a11f01f5a5347c8cad65c1598aa475b86626"
  integrity sha512-vK73nWJh1xF5Br1NFNX0Lx8nF6NDwKwgMzxqIxOj/gOxUJgTFOaWm7/brYc38ITSrDfYOAmlL4p2bGMNkdfm2A==
  dependencies:
    "@types/rdf-js" "*"

"@comunica/bus-rdf-parse-html@^1.19.0", "@comunica/bus-rdf-parse-html@~1.19.0":
  version "1.19.0"
  resolved "https://registry.yarnpkg.com/@comunica/bus-rdf-parse-html/-/bus-rdf-parse-html-1.19.0.tgz#a308bd7554cf87d71e450e829c5bc404537170fc"
  integrity sha512-UZ5brAVi7LlEw2kdjoVjc4191BoRVby9DIV/fiIADL2L0ALmt2YpoMEaIefHzKAxdgT3rUDkQMvJWFoQBKjw3Q==
  dependencies:
    "@types/rdf-js" "*"

"@comunica/bus-rdf-parse@~1.19.0":
  version "1.19.0"
  resolved "https://registry.yarnpkg.com/@comunica/bus-rdf-parse/-/bus-rdf-parse-1.19.0.tgz#97999d045401c315b06633a18cbff09ee2204bfd"
  integrity sha512-j/1QCVxSmpJPk56rbK2Q3W/jCd2jPIxnBSPFz+2OQ6vXvKojHIx7j5jI18aFhSfQcxEX1LRoSbXAjS7PzKWByQ==
  dependencies:
    "@comunica/actor-abstract-mediatyped" "^1.19.0"
    "@types/rdf-js" "*"

"@comunica/bus-rdf-serialize@~1.19.0":
  version "1.19.2"
  resolved "https://registry.yarnpkg.com/@comunica/bus-rdf-serialize/-/bus-rdf-serialize-1.19.2.tgz#d46a0556e62290117577919658b398b104281f05"
  integrity sha512-HrtI/6CZ4Oi2L9zvGJqFH3DABAHtW9EmhqLGispLoGSwPLUO79hPOnyZw9TjTaEYHnO5uI2tjacXQm1fd7BHNQ==
  dependencies:
    "@comunica/actor-abstract-mediatyped" "^1.19.2"
    "@types/rdf-js" "*"

"@comunica/core@~1.19.0":
  version "1.19.0"
  resolved "https://registry.yarnpkg.com/@comunica/core/-/core-1.19.0.tgz#9a1d38e95eff3e3ce656e24e1de1d8e64c68dec1"
  integrity sha512-/G9rNRL8KdvSuxnWObUhA0+sbcHCFejTrj0vnHaf/QZtqEO0b238QzoS9swwP1PdzPdR1R6TJ2ikr8AcVZyd9g==
  dependencies:
    immutable "^3.8.2"

"@comunica/mediator-combine-union@~1.19.0":
  version "1.19.0"
  resolved "https://registry.yarnpkg.com/@comunica/mediator-combine-union/-/mediator-combine-union-1.19.0.tgz#5468ebab7e9c5589888bf85b52b2a6a0d8ed6e81"
  integrity sha512-oNI9LjgJWu9O/sy3IEI78l16Y+I0yJx/mLhKyArDdh4ZgLeS4/7xtfWNFn9xs+1jMbKFBRtZwZe8M2qV0AAiWg==

"@comunica/mediator-number@~1.19.0":
  version "1.19.0"
  resolved "https://registry.yarnpkg.com/@comunica/mediator-number/-/mediator-number-1.19.0.tgz#69bfde044d772f59fc58d4f707e8eb98b78ba9c9"
  integrity sha512-WN8MN64j0hOf1hEuiKGnagW6+m3nIcJWESZN3Y99jepIHxcBwy1XKmLoMK3qIIMPgBOOXFiTrZJQi9QZKJYtig==

"@comunica/mediator-race@~1.19.0":
  version "1.19.0"
  resolved "https://registry.yarnpkg.com/@comunica/mediator-race/-/mediator-race-1.19.0.tgz#0588840eca53bc415fa505288c8a4bafc0248793"
  integrity sha512-cW/wqjuC5qxeTL2EUcPDmvHr4ve1AE3faNFyQRrB3+BMB0K3ZnPfBvaajRBmgSIIb8jyxBQXRGcIxAv/RtURlg==

"@rdfjs/data-model@^1.1.0", "@rdfjs/data-model@^1.1.1":
  version "1.2.0"
  resolved "https://registry.yarnpkg.com/@rdfjs/data-model/-/data-model-1.2.0.tgz#1daa39f26d48e0ec4d6a60fc4150db7d7ef1bab2"
  integrity sha512-6ITWcu2sr9zJqXUPDm1XJ8DRpea7PotWBIkTzuO1MCSruLOWH2ICoQOAtlJy30cT+GqH9oAQKPR+CHXejsdizA==
  dependencies:
    "@types/rdf-js" "*"

"@rdfjs/to-ntriples@^1.0.1":
  version "1.0.2"
  resolved "https://registry.yarnpkg.com/@rdfjs/to-ntriples/-/to-ntriples-1.0.2.tgz#c2fe8f6e8d8010c2315c0a816d1cd42a4447965e"
  integrity sha512-ngw5XAaGHjgGiwWWBPGlfdCclHftonmbje5lMys4G2j4NvfExraPIuRZgjSnd5lg4dnulRVUll8tRbgKO+7EDA==

"@types/browser-or-node@^1.3.0":
  version "1.3.0"
  resolved "https://registry.yarnpkg.com/@types/browser-or-node/-/browser-or-node-1.3.0.tgz#896ec59bcb8109fc858d8e68d3c056c176a19622"
  integrity sha512-MVetr65IR7RdJbUxVHsaPFaXAO8fi89zv1g8L/mHygh1Q7xnnK02XZLwfMh57FOpTO6gtnagoPMQ/UOFfctXRQ==

"@types/http-link-header@^1.0.1":
  version "1.0.2"
  resolved "https://registry.yarnpkg.com/@types/http-link-header/-/http-link-header-1.0.2.tgz#94cf3c9b78023c7aae9b6c8e4f28639f52c7fa2d"
  integrity sha512-rWvCGMtwx+01LFVpLbSYagloSMgqDwfzLSx9JcwUEkJWo4oDBKihp6X92Ff5tIS4VE5ojV4wH6iMnAnr/TZhhg==
  dependencies:
    "@types/node" "*"

"@types/n3@^1.4.4":
  version "1.4.4"
  resolved "https://registry.yarnpkg.com/@types/n3/-/n3-1.4.4.tgz#ed4f58200766ffc850d281e28c566eacb2b0b592"
  integrity sha512-xsWfwyDh0uAH0CXvwqe9vb2UEDafMjRez/pB7yZwbWpd9Olw2wdxaL32FtdHjmmFE6b9i+j249JfRyZnvWkoqg==
  dependencies:
    "@types/node" "*"
    "@types/rdf-js" "*"

"@types/node@*":
  version "14.14.22"
  resolved "https://registry.yarnpkg.com/@types/node/-/node-14.14.22.tgz#0d29f382472c4ccf3bd96ff0ce47daf5b7b84b18"
  integrity sha512-g+f/qj/cNcqKkc3tFqlXOYjrmZA+jNBiDzbP3kH+B+otKFqAdPgVTGP1IeKRdMml/aE69as5S4FqtxAbl+LaMw==

"@types/node@^13.1.0":
  version "13.13.40"
  resolved "https://registry.yarnpkg.com/@types/node/-/node-13.13.40.tgz#f655ef327362cc83912f2e69336ddc62a24a9f88"
  integrity sha512-eKaRo87lu1yAXrzEJl0zcJxfUMDT5/mZalFyOkT44rnQps41eS2pfWzbaulSPpQLFNy29bFqn+Y5lOTL8ATlEQ==

"@types/parse-link-header@^1.0.0":
  version "1.0.0"
  resolved "https://registry.yarnpkg.com/@types/parse-link-header/-/parse-link-header-1.0.0.tgz#69f059e40a0fa93dc2e095d4142395ae6adc5d7a"
  integrity sha512-fCA3btjE7QFeRLfcD0Sjg+6/CnmC66HpMBoRfRzd2raTaWMJV21CCZ0LO8MOqf8onl5n0EPfjq4zDhbyX8SVwA==

"@types/rdf-dataset-indexed@*":
  version "0.4.5"
  resolved "https://registry.yarnpkg.com/@types/rdf-dataset-indexed/-/rdf-dataset-indexed-0.4.5.tgz#23ced6eda037575bedb9479485efe9fb965b9cac"
  integrity sha512-Pw/jEG3cRyewlg0xD5cQ9Tl85DjzAfewzDGaXo2f+Fgv/WbMSWYq9qGlJgNELFGZH6P1iaNOMQVwlSoA64j1Fg==
  dependencies:
    "@types/rdf-js" "*"

"@types/rdf-ext@^1.3.8":
  version "1.3.8"
  resolved "https://registry.yarnpkg.com/@types/rdf-ext/-/rdf-ext-1.3.8.tgz#a6cfd40760ca961c4378f445a2a4fcdd07861971"
  integrity sha512-pdaO+sGV006Xm2bam6qUl4M0jrirVhHrISS/KELZ0HiNz/F9xMqIGM99eN2a5PwHvVsNGnwO0kK3vwTXngJ2uw==
  dependencies:
    "@types/rdf-dataset-indexed" "*"
    "@types/rdf-js" "*"

"@types/rdf-js@*", "@types/rdf-js@^4.0.0":
  version "4.0.0"
  resolved "https://registry.yarnpkg.com/@types/rdf-js/-/rdf-js-4.0.0.tgz#96f7314b09b77ecd16fca7f358db90db8ac86d1b"
  integrity sha512-2uaR7ks0380MqzUWGOPOOk9yZIr/6MOaCcaj3ntKgd2PqNocgi8j5kSHIJTDe+5ABtTHqKMSE0v0UqrsT8ibgQ==
  dependencies:
    "@types/node" "*"

arg@^4.1.0:
  version "4.1.3"
  resolved "https://registry.yarnpkg.com/arg/-/arg-4.1.3.tgz#269fc7ad5b8e42cb63c896d5666017261c144089"
  integrity sha512-58S9QDqG0Xx27YwPSt9fJxivjYl432YCwfDMfZ+71RAqUrZef7LrKQZ3LHLOwCS4FLNBplP533Zx895SeOCHvA==

browser-or-node@^1.3.0:
  version "1.3.0"
  resolved "https://registry.yarnpkg.com/browser-or-node/-/browser-or-node-1.3.0.tgz#f2a4e8568f60263050a6714b2cc236bb976647a7"
  integrity sha512-0F2z/VSnLbmEeBcUrSuDH5l0HxTXdQQzLjkmBR4cYfvg1zJrKSlmIZFqyFR8oX0NrwPhy3c3HQ6i3OxMbew4Tg==

buffer-from@^1.0.0:
  version "1.1.1"
  resolved "https://registry.yarnpkg.com/buffer-from/-/buffer-from-1.1.1.tgz#32713bc028f75c02fdb710d7c7bcec1f2c6070ef"
  integrity sha512-MQcXEUbCKtEo7bhqEs6560Hyd4XaovZlO/k9V3hjVUF/zwW7KBVdSK4gIt/bzwS9MbR5qob+F5jusZsb0YQK2A==

canonicalize@^1.0.1:
  version "1.0.5"
  resolved "https://registry.yarnpkg.com/canonicalize/-/canonicalize-1.0.5.tgz#b43b390ce981d397908bb847c3a8d9614323a47b"
  integrity sha512-mAjKJPIyP0xqqv6IAkvso07StOmz6cmGtNDg3pXCSzXVZOqka7StIkAhJl/zHOi4M2CgpYfD6aeRWbnrmtvBEA==

create-require@^1.1.0:
  version "1.1.1"
  resolved "https://registry.yarnpkg.com/create-require/-/create-require-1.1.1.tgz#c1d7e8f1e5f6cfc9ff65f9cd352d37348756c333"
  integrity sha512-dcKFX3jn0MpIaXjisoRvexIJVEKzaq7z2rZKxf+MSr9TkdmHmsU4m2lcLojrj/FHl8mk5VxMmYA+ftRkP/3oKQ==

cross-fetch@^3.0.5, cross-fetch@^3.0.6:
  version "3.0.6"
  resolved "https://registry.yarnpkg.com/cross-fetch/-/cross-fetch-3.0.6.tgz#3a4040bc8941e653e0e9cf17f29ebcd177d3365c"
  integrity sha512-KBPUbqgFjzWlVcURG+Svp9TlhA5uliYtiNx/0r8nv0pdypeQCRJ9IaSIc3q/x3q8t3F75cHuwxVql1HFGHCNJQ==
  dependencies:
    node-fetch "2.6.1"

diff@^4.0.1:
  version "4.0.2"
  resolved "https://registry.yarnpkg.com/diff/-/diff-4.0.2.tgz#60f3aecb89d5fae520c11aa19efc2bb982aade7d"
  integrity sha512-58lmxKSA4BNyLz+HHMUzlOEpg09FV+ev6ZMe3vJihgdxzgcwZ8VoEEPmALCZG9LmqfVoNMMKpttIYTVG6uDY7A==

dom-serializer@^1.0.1:
  version "1.2.0"
  resolved "https://registry.yarnpkg.com/dom-serializer/-/dom-serializer-1.2.0.tgz#3433d9136aeb3c627981daa385fc7f32d27c48f1"
  integrity sha512-n6kZFH/KlCrqs/1GHMOd5i2fd/beQHuehKdWvNNffbGHTr/almdhuVvTVFb3V7fglz+nC50fFusu3lY33h12pA==
  dependencies:
    domelementtype "^2.0.1"
    domhandler "^4.0.0"
    entities "^2.0.0"

domelementtype@^2.0.1, domelementtype@^2.1.0:
  version "2.1.0"
  resolved "https://registry.yarnpkg.com/domelementtype/-/domelementtype-2.1.0.tgz#a851c080a6d1c3d94344aed151d99f669edf585e"
  integrity sha512-LsTgx/L5VpD+Q8lmsXSHW2WpA+eBlZ9HPf3erD1IoPF00/3JKHZ3BknUVA2QGDNu69ZNmyFmCWBSO45XjYKC5w==

domhandler@^3.3.0:
  version "3.3.0"
  resolved "https://registry.yarnpkg.com/domhandler/-/domhandler-3.3.0.tgz#6db7ea46e4617eb15cf875df68b2b8524ce0037a"
  integrity sha512-J1C5rIANUbuYK+FuFL98650rihynUOEzRLxW+90bKZRWB6A1X1Tf82GxR1qAWLyfNPRvjqfip3Q5tdYlmAa9lA==
  dependencies:
    domelementtype "^2.0.1"

domhandler@^4.0.0:
  version "4.0.0"
  resolved "https://registry.yarnpkg.com/domhandler/-/domhandler-4.0.0.tgz#01ea7821de996d85f69029e81fa873c21833098e"
  integrity sha512-KPTbnGQ1JeEMQyO1iYXoagsI6so/C96HZiFyByU3T6iAzpXn8EGEvct6unm1ZGoed8ByO2oirxgwxBmqKF9haA==
  dependencies:
    domelementtype "^2.1.0"

domutils@^2.4.2, domutils@^2.4.4:
  version "2.4.4"
  resolved "https://registry.yarnpkg.com/domutils/-/domutils-2.4.4.tgz#282739c4b150d022d34699797369aad8d19bbbd3"
  integrity sha512-jBC0vOsECI4OMdD0GC9mGn7NXPLb+Qt6KW1YDQzeQYRUFKmNG8lh7mO5HiELfr+lLQE7loDVI4QcAxV80HS+RA==
  dependencies:
    dom-serializer "^1.0.1"
    domelementtype "^2.0.1"
    domhandler "^4.0.0"

entities@^2.0.0:
  version "2.2.0"
  resolved "https://registry.yarnpkg.com/entities/-/entities-2.2.0.tgz#098dc90ebb83d8dffa089d55256b351d34c4da55"
  integrity sha512-p92if5Nz619I0w+akJrLZH0MX0Pb5DX39XOwQTtXSdQQOaYH03S1uIQp4mhOZtAXrxq4ViO67YTiLBo2638o9A==

follow-redirects@^1.5.1:
  version "1.13.1"
  resolved "https://registry.yarnpkg.com/follow-redirects/-/follow-redirects-1.13.1.tgz#5f69b813376cee4fd0474a3aba835df04ab763b7"
  integrity sha512-SSG5xmZh1mkPGyKzjZP8zLjltIfpW32Y5QpdNJyjcfGxK3qo3NDDkZOZSFiGn1A6SclQxY9GzEwAHQ3dmYRWpg==

htmlparser2@^5.0.0:
  version "5.0.1"
  resolved "https://registry.yarnpkg.com/htmlparser2/-/htmlparser2-5.0.1.tgz#7daa6fc3e35d6107ac95a4fc08781f091664f6e7"
  integrity sha512-vKZZra6CSe9qsJzh0BjBGXo8dvzNsq/oGvsjfRdOrrryfeD9UOBEEQdeoqCRmKZchF5h2zOBMQ6YuQ0uRUmdbQ==
  dependencies:
    domelementtype "^2.0.1"
    domhandler "^3.3.0"
    domutils "^2.4.2"
    entities "^2.0.0"

htmlparser2@^6.0.0:
  version "6.0.0"
  resolved "https://registry.yarnpkg.com/htmlparser2/-/htmlparser2-6.0.0.tgz#c2da005030390908ca4c91e5629e418e0665ac01"
  integrity sha512-numTQtDZMoh78zJpaNdJ9MXb2cv5G3jwUoe3dMQODubZvLoGvTE/Ofp6sHvH8OGKcN/8A47pGLi/k58xHP/Tfw==
  dependencies:
    domelementtype "^2.0.1"
    domhandler "^4.0.0"
    domutils "^2.4.4"
    entities "^2.0.0"

http-link-header@^1.0.2:
  version "1.0.3"
  resolved "https://registry.yarnpkg.com/http-link-header/-/http-link-header-1.0.3.tgz#abbc2cdc5e06dd7e196a4983adac08a2d085ec90"
  integrity sha512-nARK1wSKoBBrtcoESlHBx36c1Ln/gnbNQi1eB6MeTUefJIT3NvUOsV15bClga0k38f0q/kN5xxrGSDS3EFnm9w==

immutable@^3.8.2:
  version "3.8.2"
  resolved "https://registry.yarnpkg.com/immutable/-/immutable-3.8.2.tgz#c2439951455bb39913daf281376f1530e104adf3"
  integrity sha1-wkOZUUVbs5kT2vKBN28VMOEErfM=

inherits@^2.0.3:
  version "2.0.4"
  resolved "https://registry.yarnpkg.com/inherits/-/inherits-2.0.4.tgz#0fa2c64f932917c3433a0ded55363aae37416b7c"
  integrity sha512-k/vGaX4/Yla3WzyMCvTQOXYeIHvqOKtnqBduzTHpzpQZzAskKMhZ2K+EnBiSM9zGSoIFeMpXKxa4dYeZIQqewQ==

is-stream@^1.1.0:
  version "1.1.0"
  resolved "https://registry.yarnpkg.com/is-stream/-/is-stream-1.1.0.tgz#12d4a3dd4e68e0b79ceb8dbc84173ae80d91ca44"
  integrity sha1-EtSj3U5o4Lec6428hBc66A2RykQ=

is-stream@^2.0.0:
  version "2.0.0"
  resolved "https://registry.yarnpkg.com/is-stream/-/is-stream-2.0.0.tgz#bde9c32680d6fae04129d6ac9d921ce7815f78e3"
  integrity sha512-XCoy+WlUr7d1+Z8GgSuXmpuUFC9fOhRXglJMx+dwLKTkL44Cjd4W1Z5P+BQZpr+cR93aGP4S/s7Ftw6Nd/kiEw==

jsonld-context-parser@^2.0.0, jsonld-context-parser@^2.0.1, jsonld-context-parser@^2.1.1:
  version "2.1.1"
  resolved "https://registry.yarnpkg.com/jsonld-context-parser/-/jsonld-context-parser-2.1.1.tgz#0de2b459465b199ef6014a94d7af9b2485360374"
  integrity sha512-7yKhnwFaiCnDPUZYQuAWyT0zZBfOKZDyjtqFVNbXrYRkboU+m55UsastsfXbo7qNroTGdFiEyxHEHDEfBC0P4Q==
  dependencies:
    "@types/http-link-header" "^1.0.1"
    "@types/node" "^13.1.0"
    canonicalize "^1.0.1"
    cross-fetch "^3.0.6"
    http-link-header "^1.0.2"
    relative-to-absolute-iri "^1.0.5"

jsonld-streaming-parser@^2.1.1:
  version "2.2.0"
  resolved "https://registry.yarnpkg.com/jsonld-streaming-parser/-/jsonld-streaming-parser-2.2.0.tgz#08bb8c53842e584fc82a8e1404be2dbaeb5bc96e"
  integrity sha512-uaBP4sSFqYuupkfsQhRj7U/0KEFTqxElaUPn3CtYGEOsjvqCEexTkrVI7fPLoDERMIC2UfbzdHuN6rmESFGzgw==
  dependencies:
    "@types/http-link-header" "^1.0.1"
    "@types/rdf-js" "^4.0.0"
    canonicalize "^1.0.1"
    http-link-header "^1.0.2"
    jsonld-context-parser "^2.0.1"
    jsonparse "^1.3.1"
    rdf-data-factory "^1.0.2"

jsonld-streaming-serializer@^1.2.0:
  version "1.2.0"
  resolved "https://registry.yarnpkg.com/jsonld-streaming-serializer/-/jsonld-streaming-serializer-1.2.0.tgz#5efb017c6063fb4ed5808767b138e0eead8ed85b"
  integrity sha512-66uJz15dxuUFiVKbji5eV4h+1F3XTKnOhZjK9Plx0zyL1CkG5/zhCK4U1wPTg0nUhSUODZ+jAtuRoD4zdZjKYA==
  dependencies:
    "@types/rdf-js" "^4.0.0"
    jsonld-context-parser "^2.0.0"

jsonparse@^1.3.1:
  version "1.3.1"
  resolved "https://registry.yarnpkg.com/jsonparse/-/jsonparse-1.3.1.tgz#3f4dae4a91fac315f71062f8521cc239f1366280"
  integrity sha1-P02uSpH6wxX3EGL4UhzCOfE2YoA=

make-error@^1.1.1:
  version "1.3.6"
  resolved "https://registry.yarnpkg.com/make-error/-/make-error-1.3.6.tgz#2eb2e37ea9b67c4891f684a1394799af484cf7a2"
  integrity sha512-s8UhlNe7vPKomQhC1qFelMokr/Sc3AgNbso3n74mVPA5LTZwkB9NlXf4XPamLxJE8h0gh73rM94xvwRT2CVInw==

microdata-rdf-streaming-parser@^1.1.0:
  version "1.1.0"
  resolved "https://registry.yarnpkg.com/microdata-rdf-streaming-parser/-/microdata-rdf-streaming-parser-1.1.0.tgz#1807cfc9b44e739defac7be879f89545cb4dfe59"
  integrity sha512-nvPEFzG4vZWzWJP2x8Ax7mJmdrFkSYrfhdTUDHLtXYZJVl8Ip7ScHUPLkUfX+Ci4g7sOdgHsotkxuccnlxtCAg==
  dependencies:
    "@types/rdf-js" "^4.0.0"
    htmlparser2 "^5.0.0"
    rdf-data-factory "^1.0.2"
    relative-to-absolute-iri "^1.0.2"

n3@^1.6.3, n3@^1.8.0:
  version "1.8.0"
  resolved "https://registry.yarnpkg.com/n3/-/n3-1.8.0.tgz#2fe804e8944f64941deee4ca47eb5ed98390deb9"
  integrity sha512-/PEmoB3UJrG6aXGZenDHFBJtmPp2rtfB2YLzAm2dU9stInD+ztvy4fKv5fv2ggsrSlpu7BYDTsz/c6S391uuEg==
  dependencies:
    queue-microtask "^1.1.2"
    readable-stream "^3.6.0"

node-fetch@2.6.1:
  version "2.6.1"
  resolved "https://registry.yarnpkg.com/node-fetch/-/node-fetch-2.6.1.tgz#045bd323631f76ed2e2b55573394416b639a0052"
  integrity sha512-V4aYg89jEoVRxRb2fJdAg8FHvI7cEyYdVAh94HH0UIK8oJxUfkjlDQN9RbMx+bEjP7+ggMiFRprSti032Oipxw==

parse-link-header@^1.0.1:
  version "1.0.1"
  resolved "https://registry.yarnpkg.com/parse-link-header/-/parse-link-header-1.0.1.tgz#bedfe0d2118aeb84be75e7b025419ec8a61140a7"
  integrity sha1-vt/g0hGK64S+deewJUGeyKYRQKc=
  dependencies:
    xtend "~4.0.1"

promise-polyfill@^1.1.6:
  version "1.1.6"
  resolved "https://registry.yarnpkg.com/promise-polyfill/-/promise-polyfill-1.1.6.tgz#cd04eff46f5c95c3a7d045591d79b5e3e01f12d7"
  integrity sha1-zQTv9G9clcOn0EVZHXm14+AfEtc=

queue-microtask@^1.1.2:
  version "1.2.2"
  resolved "https://registry.yarnpkg.com/queue-microtask/-/queue-microtask-1.2.2.tgz#abf64491e6ecf0f38a6502403d4cda04f372dfd3"
  integrity sha512-dB15eXv3p2jDlbOiNLyMabYg1/sXvppd8DP2J3EOCQ0AkuSXCW2tP7mnVouVLJKgUMY6yP0kcQDVpLCN13h4Xg==

rdf-data-factory@^1.0.0, rdf-data-factory@^1.0.2:
  version "1.0.4"
  resolved "https://registry.yarnpkg.com/rdf-data-factory/-/rdf-data-factory-1.0.4.tgz#4e22fc462620fbca650eb2d26c4a13a103edd777"
  integrity sha512-ZIIwEkLcV7cTc+atvQFzAETFVRHz1BRe/MhdkZqYse8vxskErj8/bF/Ittc3B5c0GTyw6O3jVF2V7xBRGyRoSQ==
  dependencies:
    "@types/rdf-js" "^4.0.0"

rdf-dataset-indexed@^0.4.0:
  version "0.4.0"
  resolved "https://registry.yarnpkg.com/rdf-dataset-indexed/-/rdf-dataset-indexed-0.4.0.tgz#a6fe4a4ac61b3be586beb57bb0cdaf1bdd8dd038"
  integrity sha512-xIZ3PGwBHh1DVax9FTq/zhJcrdJTkCgRT2xolF5ZhKj0EOFoT6wdITyfxKSmnD6YNyGyng5F5o2SR62TYask3Q==
  dependencies:
    "@rdfjs/data-model" "^1.1.1"
    readable-stream "^3.3.0"

rdf-dereference@^1.7.0:
  version "1.7.0"
  resolved "https://registry.yarnpkg.com/rdf-dereference/-/rdf-dereference-1.7.0.tgz#1e33171900eef4da3fab5e1405fe99740a8c05c4"
  integrity sha512-aPYj8ZVhxUt553FBpyDWwNRtv75mOyABGXWJMGTU3yBEoowg7xoQlbDS9UptlSBvh/tUBJ4lTzS9GPT0x4/FBg==
  dependencies:
    "@comunica/actor-http-native" "~1.19.0"
    "@comunica/actor-http-proxy" "~1.19.0"
    "@comunica/actor-rdf-dereference-file" "~1.19.0"
    "@comunica/actor-rdf-dereference-http-parse" "~1.19.0"
    "@comunica/actor-rdf-parse-html" "~1.19.0"
    "@comunica/actor-rdf-parse-html-rdfa" "~1.19.0"
    "@comunica/actor-rdf-parse-html-script" "~1.19.0"
    "@comunica/actor-rdf-parse-jsonld" "~1.19.0"
    "@comunica/actor-rdf-parse-n3" "~1.19.0"
    "@comunica/actor-rdf-parse-rdfxml" "~1.19.0"
    "@comunica/actor-rdf-parse-xml-rdfa" "~1.19.0"
    "@comunica/bus-http" "~1.19.0"
    "@comunica/bus-init" "~1.19.0"
    "@comunica/bus-rdf-dereference" "~1.19.0"
    "@comunica/bus-rdf-parse" "~1.19.0"
    "@comunica/bus-rdf-parse-html" "~1.19.0"
    "@comunica/core" "~1.19.0"
    "@comunica/mediator-combine-union" "~1.19.0"
    "@comunica/mediator-number" "~1.19.0"
    "@comunica/mediator-race" "~1.19.0"
    "@types/rdf-js" "*"
    rdf-string "^1.5.0"
    stream-to-string "^1.2.0"

rdf-ext@^1.3.0:
  version "1.3.0"
  resolved "https://registry.yarnpkg.com/rdf-ext/-/rdf-ext-1.3.0.tgz#4f6fe616d38305a08991b8b5dd9ed564931ae416"
  integrity sha512-bzkJpINH1uZgAeSIlE7K1nLF6Y82vGi9U9sBRuiz864pNk/31ba3dw+yLoIkcvQsPcVwnKBVLvGCR3dvD9xM+Q==
  dependencies:
    "@rdfjs/data-model" "^1.1.0"
    "@rdfjs/to-ntriples" "^1.0.1"
    rdf-dataset-indexed "^0.4.0"
    rdf-normalize "^1.0.0"

rdf-normalize@^1.0.0:
  version "1.0.0"
  resolved "https://registry.yarnpkg.com/rdf-normalize/-/rdf-normalize-1.0.0.tgz#53496baf362cce9d9fca1f2216c6c30007f99cca"
  integrity sha1-U0lrrzYszp2fyh8iFsbDAAf5nMo=

rdf-parse@^1.7.0:
  version "1.7.0"
  resolved "https://registry.yarnpkg.com/rdf-parse/-/rdf-parse-1.7.0.tgz#3a57d02d7f3d99a7ecd715691e4f53cbe3e49634"
  integrity sha512-P3meLRU9OkZZz9OYq26VeRrxIDrzEBNAScAWcTX1tsf4Z85WTLhiwP5jC+OZBSzRSlybkkb6EYSVA1M4eykiBg==
  dependencies:
    "@comunica/actor-http-native" "~1.19.0"
    "@comunica/actor-rdf-parse-html" "~1.19.0"
    "@comunica/actor-rdf-parse-html-microdata" "~1.19.0"
    "@comunica/actor-rdf-parse-html-rdfa" "~1.19.0"
    "@comunica/actor-rdf-parse-html-script" "~1.19.0"
    "@comunica/actor-rdf-parse-jsonld" "~1.19.0"
    "@comunica/actor-rdf-parse-n3" "~1.19.0"
    "@comunica/actor-rdf-parse-rdfxml" "~1.19.0"
    "@comunica/actor-rdf-parse-xml-rdfa" "~1.19.0"
    "@comunica/bus-http" "~1.19.0"
    "@comunica/bus-init" "~1.19.0"
    "@comunica/bus-rdf-parse" "~1.19.0"
    "@comunica/bus-rdf-parse-html" "~1.19.0"
    "@comunica/core" "~1.19.0"
    "@comunica/mediator-combine-union" "~1.19.0"
    "@comunica/mediator-number" "~1.19.0"
    "@comunica/mediator-race" "~1.19.0"
    "@types/rdf-js" "*"
    stream-to-string "^1.2.0"

rdf-serialize@^1.1.0:
  version "1.1.0"
  resolved "https://registry.yarnpkg.com/rdf-serialize/-/rdf-serialize-1.1.0.tgz#73d48a2c5cd7e4a57a1ded4115f95b8387b01e43"
  integrity sha512-DAeexG+tCrXQPB001x0E6YmOyPl3aV24Ac72iTTsyMwpwg8Ug+Y3CwDefFuZZfidwym9t2RHIbtqUsw+Hr7s5A==
  dependencies:
    "@comunica/actor-rdf-serialize-jsonld" "~1.19.0"
    "@comunica/actor-rdf-serialize-n3" "~1.19.0"
    "@comunica/bus-init" "~1.19.0"
    "@comunica/bus-rdf-serialize" "~1.19.0"
    "@comunica/core" "~1.19.0"
    "@comunica/mediator-combine-union" "~1.19.0"
    "@comunica/mediator-number" "~1.19.0"
    "@comunica/mediator-race" "~1.19.0"
    "@types/rdf-js" "*"
    stream-to-string "^1.2.0"

rdf-string@^1.5.0:
  version "1.5.0"
  resolved "https://registry.yarnpkg.com/rdf-string/-/rdf-string-1.5.0.tgz#5d0118f8788fe509f06d8cefc181fd979d712412"
  integrity sha512-3TEJuDIKUADgZrfcZG+zAN4GfVA1Ei2sKA7Z7QVHkAE36wWoRGPJbGihPQMldgzvy9lG2nzZU+CXz+6oGSQNsQ==
  dependencies:
    rdf-data-factory "^1.0.0"

rdfa-streaming-parser@^1.3.0, rdfa-streaming-parser@^1.4.0:
  version "1.4.0"
  resolved "https://registry.yarnpkg.com/rdfa-streaming-parser/-/rdfa-streaming-parser-1.4.0.tgz#051bcfba4d8cfb37198011260befdb3e900f7149"
  integrity sha512-tx2rsBpK7MhpuvuMFdpoIfH8t8ij/traX6+hiFe4WV648eWlcYKURLVdWwqqPkF4qwnT1PH8mqBpBY7CNpbjvg==
  dependencies:
    "@types/rdf-js" "^4.0.0"
    htmlparser2 "^5.0.0"
    rdf-data-factory "^1.0.2"
    relative-to-absolute-iri "^1.0.2"

rdfxml-streaming-parser@^1.4.0:
  version "1.4.0"
  resolved "https://registry.yarnpkg.com/rdfxml-streaming-parser/-/rdfxml-streaming-parser-1.4.0.tgz#32cae3cfbc77aef110f6be8e067935fbf156f3b6"
  integrity sha512-/FKDCq4tuSWz8PZaaPxqIQpenEvRR3Gsqllqg4VmdPFN6WiWfbaD244cKASfXfQHt9Bw7tLsLHsmtA1isIPBCg==
  dependencies:
    "@types/rdf-js" "^4.0.0"
    rdf-data-factory "^1.0.2"
    relative-to-absolute-iri "^1.0.0"
    sax "^1.2.4"

readable-stream-node-to-web@^1.0.1:
  version "1.0.1"
  resolved "https://registry.yarnpkg.com/readable-stream-node-to-web/-/readable-stream-node-to-web-1.0.1.tgz#8b7614faa1465ebfa0da9b9ca6303fa27073b7cf"
  integrity sha1-i3YU+qFGXr+g2pucpjA/onBzt88=

readable-stream@^3.3.0, readable-stream@^3.6.0:
  version "3.6.0"
  resolved "https://registry.yarnpkg.com/readable-stream/-/readable-stream-3.6.0.tgz#337bbda3adc0706bd3e024426a286d4b4b2c9198"
  integrity sha512-BViHy7LKeTz4oNnkcLJ+lVSL6vpiFeX6/d3oSH8zCW7UxP2onchk+vTGB143xuFjHS3deTgkKoXXymXqymiIdA==
  dependencies:
    inherits "^2.0.3"
    string_decoder "^1.1.1"
    util-deprecate "^1.0.1"

relative-to-absolute-iri@^1.0.0, relative-to-absolute-iri@^1.0.2, relative-to-absolute-iri@^1.0.5:
  version "1.0.6"
  resolved "https://registry.yarnpkg.com/relative-to-absolute-iri/-/relative-to-absolute-iri-1.0.6.tgz#7111dac5730587e3fbca3e0f48585fbc88c147a7"
  integrity sha512-Xw5/Zx6iWSCMJUXwXVOjySjH8Xli4hVFL9QQFvkl1qEmFBG94J+QUI9emnoctOCD3285f1jNV+QWV9eDYwIdfQ==

safe-buffer@~5.2.0:
  version "5.2.1"
  resolved "https://registry.yarnpkg.com/safe-buffer/-/safe-buffer-5.2.1.tgz#1eaf9fa9bdb1fdd4ec75f58f9cdb4e6b7827eec6"
  integrity sha512-rp3So07KcdmmKbGvgaNxQSJr7bGVSVk5S9Eq1F+ppbRo70+YeaDxkw5Dd8NPN+GD6bjnYm2VuPuCXmpuYvmCXQ==

sax@^1.2.4:
  version "1.2.4"
  resolved "https://registry.yarnpkg.com/sax/-/sax-1.2.4.tgz#2816234e2378bddc4e5354fab5caa895df7100d9"
  integrity sha512-NqVDv9TpANUjFm0N8uM5GxL36UgKi9/atZw+x7YFnQ8ckwFGKrl4xX4yWtrey3UJm5nP1kUbnYgLopqWNSRhWw==

source-map-support@^0.5.17:
  version "0.5.19"
  resolved "https://registry.yarnpkg.com/source-map-support/-/source-map-support-0.5.19.tgz#a98b62f86dcaf4f67399648c085291ab9e8fed61"
  integrity sha512-Wonm7zOCIJzBGQdB+thsPar0kYuCIzYvxZwlBa87yi/Mdjv7Tip2cyVbLj5o0cFPN4EVkuTwb3GDDyUx2DGnGw==
  dependencies:
    buffer-from "^1.0.0"
    source-map "^0.6.0"

source-map@^0.6.0:
  version "0.6.1"
  resolved "https://registry.yarnpkg.com/source-map/-/source-map-0.6.1.tgz#74722af32e9614e9c287a8d0bbde48b5e2f1a263"
  integrity sha512-UjgapumWlbMhkBgzT7Ykc5YXUT46F0iKu8SGXq0bcwP5dz/h0Plj6enJqjz1Zbq2l5WaqYnrVbwWOWMyF3F47g==

stream-to-string@^1.2.0:
  version "1.2.0"
  resolved "https://registry.yarnpkg.com/stream-to-string/-/stream-to-string-1.2.0.tgz#3ca506a097ecbf78b0e0aee0b6fa5c4565412a15"
  integrity sha512-8drZlFIKBHSMdX9GCWv8V9AAWnQcTqw0iAI6/GC7UJ0H0SwKeFKjOoZfGY1tOU00GGU7FYZQoJ/ZCUEoXhD7yQ==
  dependencies:
    promise-polyfill "^1.1.6"

streamify-array@^1.0.1:
  version "1.0.1"
  resolved "https://registry.yarnpkg.com/streamify-array/-/streamify-array-1.0.1.tgz#741cd1e7eaf1d451a0da484e5dc986a76dfa479c"
  integrity sha512-ZnswaBcC6B1bhPLSQOlC6CdaDUSzU0wr2lvvHpbHNms8V7+DLd8uEAzDAWpsjxbFkijBHhuObFO/qqu52DZUMA==

string_decoder@^1.1.1:
  version "1.3.0"
  resolved "https://registry.yarnpkg.com/string_decoder/-/string_decoder-1.3.0.tgz#42f114594a46cf1a8e30b0a84f56c78c3edac21e"
  integrity sha512-hkRX8U1WjJFd8LsDJ2yQ/wWWxaopEsABU1XfkM8A+j0+85JAGppt16cr1Whg6KIbb4okU6Mql6BOj+uup/wKeA==
  dependencies:
    safe-buffer "~5.2.0"

ts-node@^9.1.1:
  version "9.1.1"
  resolved "https://registry.yarnpkg.com/ts-node/-/ts-node-9.1.1.tgz#51a9a450a3e959401bda5f004a72d54b936d376d"
  integrity sha512-hPlt7ZACERQGf03M253ytLY3dHbGNGrAq9qIHWUY9XHYl1z7wYngSr3OQ5xmui8o2AaxsONxIzjafLUiWBo1Fg==
  dependencies:
    arg "^4.1.0"
    create-require "^1.1.0"
    diff "^4.0.1"
    make-error "^1.1.1"
    source-map-support "^0.5.17"
    yn "3.1.1"

util-deprecate@^1.0.1:
  version "1.0.2"
  resolved "https://registry.yarnpkg.com/util-deprecate/-/util-deprecate-1.0.2.tgz#450d4dc9fa70de732762fbd2d4a28981419a0ccf"
  integrity sha1-RQ1Nyfpw3nMnYvvS1KKJgUGaDM8=

web-streams-node@^0.4.0:
  version "0.4.0"
  resolved "https://registry.yarnpkg.com/web-streams-node/-/web-streams-node-0.4.0.tgz#641e42d7a7c4df95785a774e2484ba93d36fd672"
  integrity sha512-u+PBQs8DFaBrN/bxCLFn21tO/ZP7EM3qA4FGzppoUCcZ5CaMbKOsN8uOp27ylVEsfrxcR2tsF6gWHI5M8bN73w==
  dependencies:
    is-stream "^1.1.0"
    readable-stream-node-to-web "^1.0.1"
    web-streams-ponyfill "^1.4.1"

web-streams-ponyfill@^1.4.1:
  version "1.4.2"
  resolved "https://registry.yarnpkg.com/web-streams-ponyfill/-/web-streams-ponyfill-1.4.2.tgz#0ae863cc5f7493903679f16b08cbf14d432b62f4"
  integrity sha512-LCHW+fE2UBJ2vjhqJujqmoxh1ytEDEr0dPO3CabMdMDJPKmsaxzS90V1Ar6LtNE5VHLqxR4YMEj1i4lzMAccIA==

xtend@~4.0.1:
  version "4.0.2"
  resolved "https://registry.yarnpkg.com/xtend/-/xtend-4.0.2.tgz#bb72779f5fa465186b1f438f674fa347fdb5db54"
  integrity sha512-LKYU1iAXJXUgAXn9URjiu+MWhyUXHsvfp7mcuYm9dSUKK0/CjtrUwFAxD82/mCWbtLsGjFIad0wIsod4zrTAEQ==

yn@3.1.1:
  version "3.1.1"
  resolved "https://registry.yarnpkg.com/yn/-/yn-3.1.1.tgz#1e87401a09d767c1d5eab26a6e4c185182d2eb50"
  integrity sha512-Ux4ygGWsu2c7isFWe8Yu1YluJmqVhxqK2cLXNQA5AcC3QfbGNpM7fu0Y8b/z16pXLnFxZYvWhd3fhBY9DLmC6Q==
